// !$*UTF8*$!
{
	archiveVersion = 1;
	classes = {
	};
	objectVersion = 56;
	objects = {

/* Begin PBXBuildFile section */
		99AC78F52DAF2A4D00D2DA2A /* MacXDesignsApp.swift in Sources */ = {isa = PBXBuildFile; fileRef = 99AC78F42DAF2A4D00D2DA2A /* MacXDesignsApp.swift */; };
		99AC78F72DAF2A4D00D2DA2A /* ContentView.swift in Sources */ = {isa = PBXBuildFile; fileRef = 99AC78F62DAF2A4D00D2DA2A /* ContentView.swift */; };
		99AC78F92DAF2A4F00D2DA2A /* Assets.xcassets in Resources */ = {isa = PBXBuildFile; fileRef = 99AC78F82DAF2A4F00D2DA2A /* Assets.xcassets */; };
		99AC78FC2DAF2A4F00D2DA2A /* Preview Assets.xcassets in Resources */ = {isa = PBXBuildFile; fileRef = 99AC78FB2DAF2A4F00D2DA2A /* Preview Assets.xcassets */; };
		99AC79042DAF2C7800D2DA2A /* BoringTicketToPDF.swift in Sources */ = {isa = PBXBuildFile; fileRef = 99AC79032DAF2C7800D2DA2A /* BoringTicketToPDF.swift */; };
/* End PBXBuildFile section */

/* Begin PBXFileReference section */
		99AC78F12DAF2A4D00D2DA2A /* MacXDesigns.app */ = {isa = PBXFileReference; explicitFileType = wrapper.application; includeInIndex = 0; path = MacXDesigns.app; sourceTree = BUILT_PRODUCTS_DIR; };
		99AC78F42DAF2A4D00D2DA2A /* MacXDesignsApp.swift */ = {isa = PBXFileReference; lastKnownFileType = sourcecode.swift; path = MacXDesignsApp.swift; sourceTree = "<group>"; };
		99AC78F62DAF2A4D00D2DA2A /* ContentView.swift */ = {isa = PBXFileReference; lastKnownFileType = sourcecode.swift; path = ContentView.swift; sourceTree = "<group>"; };
		99AC78F82DAF2A4F00D2DA2A /* Assets.xcassets */ = {isa = PBXFileReference; lastKnownFileType = folder.assetcatalog; path = Assets.xcassets; sourceTree = "<group>"; };
		99AC78FB2DAF2A4F00D2DA2A /* Preview Assets.xcassets */ = {isa = PBXFileReference; lastKnownFileType = folder.assetcatalog; path = "Preview Assets.xcassets"; sourceTree = "<group>"; };
		99AC78FD2DAF2A4F00D2DA2A /* MacXDesigns.entitlements */ = {isa = PBXFileReference; lastKnownFileType = text.plist.entitlements; path = MacXDesigns.entitlements; sourceTree = "<group>"; };
		99AC79032DAF2C7800D2DA2A /* BoringTicketToPDF.swift */ = {isa = PBXFileReference; lastKnownFileType = sourcecode.swift; path = BoringTicketToPDF.swift; sourceTree = "<group>"; };
/* End PBXFileReference section */

/* Begin PBXFrameworksBuildPhase section */
		99AC78EE2DAF2A4D00D2DA2A /* Frameworks */ = {
			isa = PBXFrameworksBuildPhase;
			buildActionMask = 2147483647;
			files = (
			);
			runOnlyForDeploymentPostprocessing = 0;
		};
/* End PBXFrameworksBuildPhase section */

/* Begin PBXGroup section */
		99AC78E82DAF2A4D00D2DA2A = {
			isa = PBXGroup;
			children = (
				99AC78F32DAF2A4D00D2DA2A /* MacXDesigns */,
				99AC78F22DAF2A4D00D2DA2A /* Products */,
			);
			sourceTree = "<group>";
		};
		99AC78F22DAF2A4D00D2DA2A /* Products */ = {
			isa = PBXGroup;
			children = (
				99AC78F12DAF2A4D00D2DA2A /* MacXDesigns.app */,
			);
			name = Products;
			sourceTree = "<group>";
		};
		99AC78F32DAF2A4D00D2DA2A /* MacXDesigns */ = {
			isa = PBXGroup;
			children = (
				99AC78F42DAF2A4D00D2DA2A /* MacXDesignsApp.swift */,
				99AC78F62DAF2A4D00D2DA2A /* ContentView.swift */,
				99AC78F82DAF2A4F00D2DA2A /* Assets.xcassets */,
				99AC78FD2DAF2A4F00D2DA2A /* MacXDesigns.entitlements */,
				99AC78FA2DAF2A4F00D2DA2A /* Preview Content */,
				99AC79032DAF2C7800D2DA2A /* BoringTicketToPDF.swift */,
			);
			path = MacXDesigns;
			sourceTree = "<group>";
		};
		99AC78FA2DAF2A4F00D2DA2A /* Preview Content */ = {
			isa = PBXGroup;
			children = (
				99AC78FB2DAF2A4F00D2DA2A /* Preview Assets.xcassets */,
			);
			path = "Preview Content";
			sourceTree = "<group>";
		};
/* End PBXGroup section */

/* Begin PBXNativeTarget section */
		99AC78F02DAF2A4D00D2DA2A /* MacXDesigns */ = {
			isa = PBXNativeTarget;
			buildConfigurationList = 99AC79002DAF2A4F00D2DA2A /* Build configuration list for PBXNativeTarget "MacXDesigns" */;
			buildPhases = (
				99AC78ED2DAF2A4D00D2DA2A /* Sources */,
				99AC78EE2DAF2A4D00D2DA2A /* Frameworks */,
				99AC78EF2DAF2A4D00D2DA2A /* Resources */,
			);
			buildRules = (
			);
			dependencies = (
			);
			name = MacXDesigns;
			productName = MacXDesigns;
			productReference = 99AC78F12DAF2A4D00D2DA2A /* MacXDesigns.app */;
			productType = "com.apple.product-type.application";
		};
/* End PBXNativeTarget section */

/* Begin PBXProject section */
		99AC78E92DAF2A4D00D2DA2A /* Project object */ = {
			isa = PBXProject;
			attributes = {
				BuildIndependentTargetsInParallel = 1;
				LastSwiftUpdateCheck = 1500;
				LastUpgradeCheck = 1500;
				TargetAttributes = {
					99AC78F02DAF2A4D00D2DA2A = {
						CreatedOnToolsVersion = 15.0;
					};
				};
			};
			buildConfigurationList = 99AC78EC2DAF2A4D00D2DA2A /* Build configuration list for PBXProject "MacXDesigns" */;
			compatibilityVersion = "Xcode 14.0";
			developmentRegion = en;
			hasScannedForEncodings = 0;
			knownRegions = (
				en,
				Base,
			);
			mainGroup = 99AC78E82DAF2A4D00D2DA2A;
			productRefGroup = 99AC78F22DAF2A4D00D2DA2A /* Products */;
			projectDirPath = "";
			projectRoot = "";
			targets = (
				99AC78F02DAF2A4D00D2DA2A /* MacXDesigns */,
			);
		};
/* End PBXProject section */

/* Begin PBXResourcesBuildPhase section */
		99AC78EF2DAF2A4D00D2DA2A /* Resources */ = {
			isa = PBXResourcesBuildPhase;
			buildActionMask = 2147483647;
			files = (
				99AC78FC2DAF2A4F00D2DA2A /* Preview Assets.xcassets in Resources */,
				99AC78F92DAF2A4F00D2DA2A /* Assets.xcassets in Resources */,
			);
			runOnlyForDeploymentPostprocessing = 0;
		};
/* End PBXResourcesBuildPhase section */

/* Begin PBXSourcesBuildPhase section */
		99AC78ED2DAF2A4D00D2DA2A /* Sources */ = {
			isa = PBXSourcesBuildPhase;
			buildActionMask = 2147483647;
			files = (
				99AC79042DAF2C7800D2DA2A /* BoringTicketToPDF.swift in Sources */,
				99AC78F72DAF2A4D00D2DA2A /* ContentView.swift in Sources */,
				99AC78F52DAF2A4D00D2DA2A /* MacXDesignsApp.swift in Sources */,
			);
			runOnlyForDeploymentPostprocessing = 0;
		};
/* End PBXSourcesBuildPhase section */

/* Begin XCBuildConfiguration section */
		99AC78FE2DAF2A4F00D2DA2A /* Debug */ = {
			isa = XCBuildConfiguration;
			buildSettings = {
				ALWAYS_SEARCH_USER_PATHS = NO;
				ASSETCATALOG_COMPILER_GENERATE_SWIFT_ASSET_SYMBOL_EXTENSIONS = YES;
				CLANG_ANALYZER_NONNULL = YES;
				CLANG_ANALYZER_NUMBER_OBJECT_CONVERSION = YES_AGGRESSIVE;
				CLANG_CXX_LANGUAGE_STANDARD = "gnu++20";
				CLANG_ENABLE_MODULES = YES;
				CLANG_ENABLE_OBJC_ARC = YES;
				CLANG_ENABLE_OBJC_WEAK = YES;
				CLANG_WARN_BLOCK_CAPTURE_AUTORELEASING = YES;
				CLANG_WARN_BOOL_CONVERSION = YES;
				CLANG_WARN_COMMA = YES;
				CLANG_WARN_CONSTANT_CONVERSION = YES;
				CLANG_WARN_DEPRECATED_OBJC_IMPLEMENTATIONS = YES;
				CLANG_WARN_DIRECT_OBJC_ISA_USAGE = YES_ERROR;
				CLANG_WARN_DOCUMENTATION_COMMENTS = YES;
				CLANG_WARN_EMPTY_BODY = YES;
				CLANG_WARN_ENUM_CONVERSION = YES;
				CLANG_WARN_INFINITE_RECURSION = YES;
				CLANG_WARN_INT_CONVERSION = YES;
				CLANG_WARN_NON_LITERAL_NULL_CONVERSION = YES;
				CLANG_WARN_OBJC_IMPLICIT_RETAIN_SELF = YES;
				CLANG_WARN_OBJC_LITERAL_CONVERSION = YES;
				CLANG_WARN_OBJC_ROOT_CLASS = YES_ERROR;
				CLANG_WARN_QUOTED_INCLUDE_IN_FRAMEWORK_HEADER = YES;
				CLANG_WARN_RANGE_LOOP_ANALYSIS = YES;
				CLANG_WARN_STRICT_PROTOTYPES = YES;
				CLANG_WARN_SUSPICIOUS_MOVE = YES;
				CLANG_WARN_UNGUARDED_AVAILABILITY = YES_AGGRESSIVE;
				CLANG_WARN_UNREACHABLE_CODE = YES;
				CLANG_WARN__DUPLICATE_METHOD_MATCH = YES;
				COPY_PHASE_STRIP = NO;
				DEBUG_INFORMATION_FORMAT = dwarf;
				ENABLE_STRICT_OBJC_MSGSEND = YES;
				ENABLE_TESTABILITY = YES;
				ENABLE_USER_SCRIPT_SANDBOXING = YES;
				GCC_C_LANGUAGE_STANDARD = gnu17;
				GCC_DYNAMIC_NO_PIC = NO;
				GCC_NO_COMMON_BLOCKS = YES;
				GCC_OPTIMIZATION_LEVEL = 0;
				GCC_PREPROCESSOR_DEFINITIONS = (
					"DEBUG=1",
					"$(inherited)",
				);
				GCC_WARN_64_TO_32_BIT_CONVERSION = YES;
				GCC_WARN_ABOUT_RETURN_TYPE = YES_ERROR;
				GCC_WARN_UNDECLARED_SELECTOR = YES;
				GCC_WARN_UNINITIALIZED_AUTOS = YES_AGGRESSIVE;
				GCC_WARN_UNUSED_FUNCTION = YES;
				GCC_WARN_UNUSED_VARIABLE = YES;
				LOCALIZATION_PREFERS_STRING_CATALOGS = YES;
				MACOSX_DEPLOYMENT_TARGET = 14.0;
				MTL_ENABLE_DEBUG_INFO = INCLUDE_SOURCE;
				MTL_FAST_MATH = YES;
				ONLY_ACTIVE_ARCH = YES;
				SDKROOT = macosx;
				SWIFT_ACTIVE_COMPILATION_CONDITIONS = "DEBUG $(inherited)";
				SWIFT_OPTIMIZATION_LEVEL = "-Onone";
			};
			name = Debug;
		};
		99AC78FF2DAF2A4F00D2DA2A /* Release */ = {
			isa = XCBuildConfiguration;
			buildSettings = {
				ALWAYS_SEARCH_USER_PATHS = NO;
				ASSETCATALOG_COMPILER_GENERATE_SWIFT_ASSET_SYMBOL_EXTENSIONS = YES;
				CLANG_ANALYZER_NONNULL = YES;
				CLANG_ANALYZER_NUMBER_OBJECT_CONVERSION = YES_AGGRESSIVE;
				CLANG_CXX_LANGUAGE_STANDARD = "gnu++20";
				CLANG_ENABLE_MODULES = YES;
				CLANG_ENABLE_OBJC_ARC = YES;
				CLANG_ENABLE_OBJC_WEAK = YES;
				CLANG_WARN_BLOCK_CAPTURE_AUTORELEASING = YES;
				CLANG_WARN_BOOL_CONVERSION = YES;
				CLANG_WARN_COMMA = YES;
				CLANG_WARN_CONSTANT_CONVERSION = YES;
				CLANG_WARN_DEPRECATED_OBJC_IMPLEMENTATIONS = YES;
				CLANG_WARN_DIRECT_OBJC_ISA_USAGE = YES_ERROR;
				CLANG_WARN_DOCUMENTATION_COMMENTS = YES;
				CLANG_WARN_EMPTY_BODY = YES;
				CLANG_WARN_ENUM_CONVERSION = YES;
				CLANG_WARN_INFINITE_RECURSION = YES;
				CLANG_WARN_INT_CONVERSION = YES;
				CLANG_WARN_NON_LITERAL_NULL_CONVERSION = YES;
				CLANG_WARN_OBJC_IMPLICIT_RETAIN_SELF = YES;
				CLANG_WARN_OBJC_LITERAL_CONVERSION = YES;
				CLANG_WARN_OBJC_ROOT_CLASS = YES_ERROR;
				CLANG_WARN_QUOTED_INCLUDE_IN_FRAMEWORK_HEADER = YES;
				CLANG_WARN_RANGE_LOOP_ANALYSIS = YES;
				CLANG_WARN_STRICT_PROTOTYPES = YES;
				CLANG_WARN_SUSPICIOUS_MOVE = YES;
				CLANG_WARN_UNGUARDED_AVAILABILITY = YES_AGGRESSIVE;
				CLANG_WARN_UNREACHABLE_CODE = YES;
				CLANG_WARN__DUPLICATE_METHOD_MATCH = YES;
				COPY_PHASE_STRIP = NO;
				DEBUG_INFORMATION_FORMAT = "dwarf-with-dsym";
				ENABLE_NS_ASSERTIONS = NO;
				ENABLE_STRICT_OBJC_MSGSEND = YES;
				ENABLE_USER_SCRIPT_SANDBOXING = YES;
				GCC_C_LANGUAGE_STANDARD = gnu17;
				GCC_NO_COMMON_BLOCKS = YES;
				GCC_WARN_64_TO_32_BIT_CONVERSION = YES;
				GCC_WARN_ABOUT_RETURN_TYPE = YES_ERROR;
				GCC_WARN_UNDECLARED_SELECTOR = YES;
				GCC_WARN_UNINITIALIZED_AUTOS = YES_AGGRESSIVE;
				GCC_WARN_UNUSED_FUNCTION = YES;
				GCC_WARN_UNUSED_VARIABLE = YES;
				LOCALIZATION_PREFERS_STRING_CATALOGS = YES;
				MACOSX_DEPLOYMENT_TARGET = 14.0;
				MTL_ENABLE_DEBUG_INFO = NO;
				MTL_FAST_MATH = YES;
				SDKROOT = macosx;
				SWIFT_COMPILATION_MODE = wholemodule;
			};
			name = Release;
		};
		99AC79012DAF2A4F00D2DA2A /* Debug */ = {
			isa = XCBuildConfiguration;
			buildSettings = {
				ASSETCATALOG_COMPILER_APPICON_NAME = AppIcon;
				ASSETCATALOG_COMPILER_GLOBAL_ACCENT_COLOR_NAME = AccentColor;
				CODE_SIGN_ENTITLEMENTS = MacXDesigns/MacXDesigns.entitlements;
				CODE_SIGN_STYLE = Automatic;
				COMBINE_HIDPI_IMAGES = YES;
				CURRENT_PROJECT_VERSION = 1;
				DEVELOPMENT_ASSET_PATHS = "\"MacXDesigns/Preview Content\"";
				DEVELOPMENT_TEAM = NDZ2DG6484;
				ENABLE_HARDENED_RUNTIME = YES;
				ENABLE_PREVIEWS = YES;
				GENERATE_INFOPLIST_FILE = YES;
				INFOPLIST_KEY_NSHumanReadableCopyright = "";
				LD_RUNPATH_SEARCH_PATHS = (
					"$(inherited)",
					"@executable_path/../Frameworks",
				);
				MARKETING_VERSION = 1.0;
				PRODUCT_BUNDLE_IDENTIFIER = com.MacXDesigns;
				PRODUCT_NAME = "$(TARGET_NAME)";
				SWIFT_EMIT_LOC_STRINGS = YES;
				SWIFT_VERSION = 5.0;
			};
			name = Debug;
		};
		99AC79022DAF2A4F00D2DA2A /* Release */ = {
			isa = XCBuildConfiguration;
			buildSettings = {
				ASSETCATALOG_COMPILER_APPICON_NAME = AppIcon;
				ASSETCATALOG_COMPILER_GLOBAL_ACCENT_COLOR_NAME = AccentColor;
				CODE_SIGN_ENTITLEMENTS = MacXDesigns/MacXDesigns.entitlements;
				CODE_SIGN_STYLE = Automatic;
				COMBINE_HIDPI_IMAGES = YES;
				CURRENT_PROJECT_VERSION = 1;
				DEVELOPMENT_ASSET_PATHS = "\"MacXDesigns/Preview Content\"";
				DEVELOPMENT_TEAM = NDZ2DG6484;
				ENABLE_HARDENED_RUNTIME = YES;
				ENABLE_PREVIEWS = YES;
				GENERATE_INFOPLIST_FILE = YES;
				INFOPLIST_KEY_NSHumanReadableCopyright = "";
				LD_RUNPATH_SEARCH_PATHS = (
					"$(inherited)",
					"@executable_path/../Frameworks",
				);
				MARKETING_VERSION = 1.0;
				PRODUCT_BUNDLE_IDENTIFIER = com.MacXDesigns;
				PRODUCT_NAME = "$(TARGET_NAME)";
				SWIFT_EMIT_LOC_STRINGS = YES;
				SWIFT_VERSION = 5.0;
			};
			name = Release;
		};
/* End XCBuildConfiguration section */

/* Begin XCConfigurationList section */
		99AC78EC2DAF2A4D00D2DA2A /* Build configuration list for PBXProject "MacXDesigns" */ = {
			isa = XCConfigurationList;
			buildConfigurations = (
				99AC78FE2DAF2A4F00D2DA2A /* Debug */,
				99AC78FF2DAF2A4F00D2DA2A /* Release */,
			);
			defaultConfigurationIsVisible = 0;
			defaultConfigurationName = Release;
		};
		99AC79002DAF2A4F00D2DA2A /* Build configuration list for PBXNativeTarget "MacXDesigns" */ = {
			isa = XCConfigurationList;
			buildConfigurations = (
				99AC79012DAF2A4F00D2DA2A /* Debug */,
				99AC79022DAF2A4F00D2DA2A /* Release */,
			);
			defaultConfigurationIsVisible = 0;
			defaultConfigurationName = Release;
		};
/* End XCConfigurationList section */
	};
	rootObject = 99AC78E92DAF2A4D00D2DA2A /* Project object */;
}
